// !$*UTF8*$!
{
	archiveVersion = 1;
	classes = {
	};
	objectVersion = 50;
	objects = {

/* Begin PBXBuildFile section */
		4C0C3B5D226A2497008A8679 /* Alamofire.framework in Frameworks */ = {isa = PBXBuildFile; fileRef = 4C0C3B5B226A2497008A8679 /* Alamofire.framework */; };
		4C0C3B5E226A2497008A8679 /* JGProgressHUD.framework in Frameworks */ = {isa = PBXBuildFile; fileRef = 4C0C3B5C226A2497008A8679 /* JGProgressHUD.framework */; };
		4C0C3B60226A2818008A8679 /* NetworkRouter.swift in Sources */ = {isa = PBXBuildFile; fileRef = 4C0C3B5F226A2818008A8679 /* NetworkRouter.swift */; };
		4C0C3B62226A285D008A8679 /* NetworkManager+Movies.swift in Sources */ = {isa = PBXBuildFile; fileRef = 4C0C3B61226A285D008A8679 /* NetworkManager+Movies.swift */; };
		4C0C3B67226A29FD008A8679 /* StringExtensions.swift in Sources */ = {isa = PBXBuildFile; fileRef = 4C0C3B66226A29FD008A8679 /* StringExtensions.swift */; };
		4C0C3B69226A2A76008A8679 /* ColorExtensions.swift in Sources */ = {isa = PBXBuildFile; fileRef = 4C0C3B68226A2A76008A8679 /* ColorExtensions.swift */; };
		4C0C3B6A226A2A79008A8679 /* StringExtensions.swift in Sources */ = {isa = PBXBuildFile; fileRef = 4C0C3B66226A29FD008A8679 /* StringExtensions.swift */; };
		4C0C3B6B226A2A79008A8679 /* StringExtensions.swift in Sources */ = {isa = PBXBuildFile; fileRef = 4C0C3B66226A29FD008A8679 /* StringExtensions.swift */; };
		4C0C3B6C226A2A7B008A8679 /* ColorExtensions.swift in Sources */ = {isa = PBXBuildFile; fileRef = 4C0C3B68226A2A76008A8679 /* ColorExtensions.swift */; };
		4C0C3B6D226A2A7C008A8679 /* ColorExtensions.swift in Sources */ = {isa = PBXBuildFile; fileRef = 4C0C3B68226A2A76008A8679 /* ColorExtensions.swift */; };
		4C0C3B6F226A3604008A8679 /* NetworkManager+Images.swift in Sources */ = {isa = PBXBuildFile; fileRef = 4C0C3B6E226A3604008A8679 /* NetworkManager+Images.swift */; };
		4C0C3B70226A3604008A8679 /* NetworkManager+Images.swift in Sources */ = {isa = PBXBuildFile; fileRef = 4C0C3B6E226A3604008A8679 /* NetworkManager+Images.swift */; };
		4C0C3B71226A3604008A8679 /* NetworkManager+Images.swift in Sources */ = {isa = PBXBuildFile; fileRef = 4C0C3B6E226A3604008A8679 /* NetworkManager+Images.swift */; };
		4C0C3B75226B219D008A8679 /* MovieBaseModel.swift in Sources */ = {isa = PBXBuildFile; fileRef = 4C0C3B74226B219D008A8679 /* MovieBaseModel.swift */; };
		4C0C3B78226B230A008A8679 /* MovieModel.swift in Sources */ = {isa = PBXBuildFile; fileRef = 4C0C3B77226B230A008A8679 /* MovieModel.swift */; };
		4C0C3B79226B230A008A8679 /* MovieModel.swift in Sources */ = {isa = PBXBuildFile; fileRef = 4C0C3B77226B230A008A8679 /* MovieModel.swift */; };
		4C0C3B7A226B230A008A8679 /* MovieModel.swift in Sources */ = {isa = PBXBuildFile; fileRef = 4C0C3B77226B230A008A8679 /* MovieModel.swift */; };
		4C0C3B7C226B232F008A8679 /* MovieDetailModel.swift in Sources */ = {isa = PBXBuildFile; fileRef = 4C0C3B7B226B232F008A8679 /* MovieDetailModel.swift */; };
		4C0C3B7D226B232F008A8679 /* MovieDetailModel.swift in Sources */ = {isa = PBXBuildFile; fileRef = 4C0C3B7B226B232F008A8679 /* MovieDetailModel.swift */; };
		4C0C3B7E226B232F008A8679 /* MovieDetailModel.swift in Sources */ = {isa = PBXBuildFile; fileRef = 4C0C3B7B226B232F008A8679 /* MovieDetailModel.swift */; };
		4C0C3B80226B2400008A8679 /* CatalogMovieParser.swift in Sources */ = {isa = PBXBuildFile; fileRef = 4C0C3B7F226B2400008A8679 /* CatalogMovieParser.swift */; };
		4C0C3B81226B2400008A8679 /* CatalogMovieParser.swift in Sources */ = {isa = PBXBuildFile; fileRef = 4C0C3B7F226B2400008A8679 /* CatalogMovieParser.swift */; };
		4C0C3B82226B2400008A8679 /* CatalogMovieParser.swift in Sources */ = {isa = PBXBuildFile; fileRef = 4C0C3B7F226B2400008A8679 /* CatalogMovieParser.swift */; };
		4C0C3B84226B2750008A8679 /* MovieDetailBaseModel.swift in Sources */ = {isa = PBXBuildFile; fileRef = 4C0C3B83226B2750008A8679 /* MovieDetailBaseModel.swift */; };
		4C0C3B85226B2750008A8679 /* MovieDetailBaseModel.swift in Sources */ = {isa = PBXBuildFile; fileRef = 4C0C3B83226B2750008A8679 /* MovieDetailBaseModel.swift */; };
		4C0C3B86226B2750008A8679 /* MovieDetailBaseModel.swift in Sources */ = {isa = PBXBuildFile; fileRef = 4C0C3B83226B2750008A8679 /* MovieDetailBaseModel.swift */; };
		4C0C3B89226B285B008A8679 /* GenreBaseModel.swift in Sources */ = {isa = PBXBuildFile; fileRef = 4C0C3B88226B285B008A8679 /* GenreBaseModel.swift */; };
		4C0C3B8A226B285B008A8679 /* GenreBaseModel.swift in Sources */ = {isa = PBXBuildFile; fileRef = 4C0C3B88226B285B008A8679 /* GenreBaseModel.swift */; };
		4C0C3B8B226B285B008A8679 /* GenreBaseModel.swift in Sources */ = {isa = PBXBuildFile; fileRef = 4C0C3B88226B285B008A8679 /* GenreBaseModel.swift */; };
		4C0C3B8D226B2B3E008A8679 /* DetailParser.swift in Sources */ = {isa = PBXBuildFile; fileRef = 4C0C3B8C226B2B3D008A8679 /* DetailParser.swift */; };
		4C0C3B8E226B2B3E008A8679 /* DetailParser.swift in Sources */ = {isa = PBXBuildFile; fileRef = 4C0C3B8C226B2B3D008A8679 /* DetailParser.swift */; };
		4C0C3B8F226B2B3E008A8679 /* DetailParser.swift in Sources */ = {isa = PBXBuildFile; fileRef = 4C0C3B8C226B2B3D008A8679 /* DetailParser.swift */; };
		4C0C3B90226B2B43008A8679 /* MovieBaseModel.swift in Sources */ = {isa = PBXBuildFile; fileRef = 4C0C3B74226B219D008A8679 /* MovieBaseModel.swift */; };
		4C0C3B91226B2B43008A8679 /* MovieBaseModel.swift in Sources */ = {isa = PBXBuildFile; fileRef = 4C0C3B74226B219D008A8679 /* MovieBaseModel.swift */; };
		4C0C3B93226B3640008A8679 /* VideoBaseModel.swift in Sources */ = {isa = PBXBuildFile; fileRef = 4C0C3B92226B3640008A8679 /* VideoBaseModel.swift */; };
		4C0C3B94226B3640008A8679 /* VideoBaseModel.swift in Sources */ = {isa = PBXBuildFile; fileRef = 4C0C3B92226B3640008A8679 /* VideoBaseModel.swift */; };
		4C0C3B95226B3640008A8679 /* VideoBaseModel.swift in Sources */ = {isa = PBXBuildFile; fileRef = 4C0C3B92226B3640008A8679 /* VideoBaseModel.swift */; };
		4C0C3B98226B36B2008A8679 /* VideoParser.swift in Sources */ = {isa = PBXBuildFile; fileRef = 4C0C3B97226B36B2008A8679 /* VideoParser.swift */; };
		4C0C3B99226B36B2008A8679 /* VideoParser.swift in Sources */ = {isa = PBXBuildFile; fileRef = 4C0C3B97226B36B2008A8679 /* VideoParser.swift */; };
		4C0C3B9A226B36B2008A8679 /* VideoParser.swift in Sources */ = {isa = PBXBuildFile; fileRef = 4C0C3B97226B36B2008A8679 /* VideoParser.swift */; };
		4C0C3BA2226B38BE008A8679 /* MovieCatalogPresenter.swift in Sources */ = {isa = PBXBuildFile; fileRef = 4C0C3B9B226B38BE008A8679 /* MovieCatalogPresenter.swift */; };
		4C0C3BA3226B38BE008A8679 /* MovieCatalogPresenter.swift in Sources */ = {isa = PBXBuildFile; fileRef = 4C0C3B9B226B38BE008A8679 /* MovieCatalogPresenter.swift */; };
		4C0C3BA4226B38BE008A8679 /* MovieCatalogPresenter.swift in Sources */ = {isa = PBXBuildFile; fileRef = 4C0C3B9B226B38BE008A8679 /* MovieCatalogPresenter.swift */; };
		4C0C3BA5226B38BE008A8679 /* MovieCatalogWorker.swift in Sources */ = {isa = PBXBuildFile; fileRef = 4C0C3B9C226B38BE008A8679 /* MovieCatalogWorker.swift */; };
		4C0C3BA6226B38BE008A8679 /* MovieCatalogWorker.swift in Sources */ = {isa = PBXBuildFile; fileRef = 4C0C3B9C226B38BE008A8679 /* MovieCatalogWorker.swift */; };
		4C0C3BA7226B38BE008A8679 /* MovieCatalogWorker.swift in Sources */ = {isa = PBXBuildFile; fileRef = 4C0C3B9C226B38BE008A8679 /* MovieCatalogWorker.swift */; };
		4C0C3BA8226B38BE008A8679 /* MovieCatalogRouter.swift in Sources */ = {isa = PBXBuildFile; fileRef = 4C0C3B9D226B38BE008A8679 /* MovieCatalogRouter.swift */; };
		4C0C3BA9226B38BE008A8679 /* MovieCatalogRouter.swift in Sources */ = {isa = PBXBuildFile; fileRef = 4C0C3B9D226B38BE008A8679 /* MovieCatalogRouter.swift */; };
		4C0C3BAA226B38BE008A8679 /* MovieCatalogRouter.swift in Sources */ = {isa = PBXBuildFile; fileRef = 4C0C3B9D226B38BE008A8679 /* MovieCatalogRouter.swift */; };
		4C0C3BAB226B38BE008A8679 /* MovieCatalogModels.swift in Sources */ = {isa = PBXBuildFile; fileRef = 4C0C3B9E226B38BE008A8679 /* MovieCatalogModels.swift */; };
		4C0C3BAC226B38BE008A8679 /* MovieCatalogModels.swift in Sources */ = {isa = PBXBuildFile; fileRef = 4C0C3B9E226B38BE008A8679 /* MovieCatalogModels.swift */; };
		4C0C3BAD226B38BE008A8679 /* MovieCatalogModels.swift in Sources */ = {isa = PBXBuildFile; fileRef = 4C0C3B9E226B38BE008A8679 /* MovieCatalogModels.swift */; };
		4C0C3BAE226B38BE008A8679 /* MovieCatalogViewController.swift in Sources */ = {isa = PBXBuildFile; fileRef = 4C0C3B9F226B38BE008A8679 /* MovieCatalogViewController.swift */; };
		4C0C3BAF226B38BE008A8679 /* MovieCatalogViewController.swift in Sources */ = {isa = PBXBuildFile; fileRef = 4C0C3B9F226B38BE008A8679 /* MovieCatalogViewController.swift */; };
		4C0C3BB0226B38BE008A8679 /* MovieCatalogViewController.swift in Sources */ = {isa = PBXBuildFile; fileRef = 4C0C3B9F226B38BE008A8679 /* MovieCatalogViewController.swift */; };
		4C0C3BB1226B38BE008A8679 /* MovieCatalogInteractor.swift in Sources */ = {isa = PBXBuildFile; fileRef = 4C0C3BA0226B38BE008A8679 /* MovieCatalogInteractor.swift */; };
		4C0C3BB2226B38BE008A8679 /* MovieCatalogInteractor.swift in Sources */ = {isa = PBXBuildFile; fileRef = 4C0C3BA0226B38BE008A8679 /* MovieCatalogInteractor.swift */; };
		4C0C3BB3226B38BE008A8679 /* MovieCatalogInteractor.swift in Sources */ = {isa = PBXBuildFile; fileRef = 4C0C3BA0226B38BE008A8679 /* MovieCatalogInteractor.swift */; };
		4C0C3BB4226B38BE008A8679 /* MovieCatalogView.swift in Sources */ = {isa = PBXBuildFile; fileRef = 4C0C3BA1226B38BE008A8679 /* MovieCatalogView.swift */; };
		4C0C3BB5226B38BE008A8679 /* MovieCatalogView.swift in Sources */ = {isa = PBXBuildFile; fileRef = 4C0C3BA1226B38BE008A8679 /* MovieCatalogView.swift */; };
		4C0C3BB6226B38BE008A8679 /* MovieCatalogView.swift in Sources */ = {isa = PBXBuildFile; fileRef = 4C0C3BA1226B38BE008A8679 /* MovieCatalogView.swift */; };
		4C0C3BBB226B3EC5008A8679 /* Custom.swift in Sources */ = {isa = PBXBuildFile; fileRef = 4C0C3BBA226B3EC5008A8679 /* Custom.swift */; };
		4C0C3BBC226B3EC5008A8679 /* Custom.swift in Sources */ = {isa = PBXBuildFile; fileRef = 4C0C3BBA226B3EC5008A8679 /* Custom.swift */; };
		4C0C3BBD226B3EC5008A8679 /* Custom.swift in Sources */ = {isa = PBXBuildFile; fileRef = 4C0C3BBA226B3EC5008A8679 /* Custom.swift */; };
		4C0C3BC5226B7595008A8679 /* MovieCatalogTableViewCell.swift in Sources */ = {isa = PBXBuildFile; fileRef = 4C0C3BC4226B7595008A8679 /* MovieCatalogTableViewCell.swift */; };
		4C0C3BC6226B7595008A8679 /* MovieCatalogTableViewCell.swift in Sources */ = {isa = PBXBuildFile; fileRef = 4C0C3BC4226B7595008A8679 /* MovieCatalogTableViewCell.swift */; };
		4C0C3BC7226B7595008A8679 /* MovieCatalogTableViewCell.swift in Sources */ = {isa = PBXBuildFile; fileRef = 4C0C3BC4226B7595008A8679 /* MovieCatalogTableViewCell.swift */; };
		4C0C3BC9226B768B008A8679 /* FontExtensions.swift in Sources */ = {isa = PBXBuildFile; fileRef = 4C0C3BC8226B768B008A8679 /* FontExtensions.swift */; };
		4C0C3BCA226B768B008A8679 /* FontExtensions.swift in Sources */ = {isa = PBXBuildFile; fileRef = 4C0C3BC8226B768B008A8679 /* FontExtensions.swift */; };
		4C0C3BCB226B768B008A8679 /* FontExtensions.swift in Sources */ = {isa = PBXBuildFile; fileRef = 4C0C3BC8226B768B008A8679 /* FontExtensions.swift */; };
		4C0C3BD0226B8518008A8679 /* opensans_bold.ttf in Resources */ = {isa = PBXBuildFile; fileRef = 4C0C3BCD226B850F008A8679 /* opensans_bold.ttf */; };
		4C0C3BD2226B8519008A8679 /* opensans_bold.ttf in Resources */ = {isa = PBXBuildFile; fileRef = 4C0C3BCD226B850F008A8679 /* opensans_bold.ttf */; };
		4C0C3BD3226B851A008A8679 /* opensans_bold.ttf in Resources */ = {isa = PBXBuildFile; fileRef = 4C0C3BCD226B850F008A8679 /* opensans_bold.ttf */; };
		4C0C3BD4226B851C008A8679 /* opensans_light.ttf in Resources */ = {isa = PBXBuildFile; fileRef = 4C0C3BCE226B850F008A8679 /* opensans_light.ttf */; };
		4C0C3BD5226B851D008A8679 /* opensans_light.ttf in Resources */ = {isa = PBXBuildFile; fileRef = 4C0C3BCE226B850F008A8679 /* opensans_light.ttf */; };
		4C0C3BD6226B851E008A8679 /* opensans_light.ttf in Resources */ = {isa = PBXBuildFile; fileRef = 4C0C3BCE226B850F008A8679 /* opensans_light.ttf */; };
		4C0C3BD7226B8520008A8679 /* opensans_regular.ttf in Resources */ = {isa = PBXBuildFile; fileRef = 4C0C3BCF226B850F008A8679 /* opensans_regular.ttf */; };
		4C0C3BD8226B8521008A8679 /* opensans_regular.ttf in Resources */ = {isa = PBXBuildFile; fileRef = 4C0C3BCF226B850F008A8679 /* opensans_regular.ttf */; };
		4C0C3BD9226B8521008A8679 /* opensans_regular.ttf in Resources */ = {isa = PBXBuildFile; fileRef = 4C0C3BCF226B850F008A8679 /* opensans_regular.ttf */; };
		4C1D49022269E10600374693 /* AppDelegate.swift in Sources */ = {isa = PBXBuildFile; fileRef = 4C1D49012269E10600374693 /* AppDelegate.swift */; };
		4C1D490A2269E10600374693 /* Movies.xcdatamodeld in Sources */ = {isa = PBXBuildFile; fileRef = 4C1D49082269E10600374693 /* Movies.xcdatamodeld */; };
		4C1D490C2269E10800374693 /* Assets.xcassets in Resources */ = {isa = PBXBuildFile; fileRef = 4C1D490B2269E10800374693 /* Assets.xcassets */; };
		4C1D490F2269E10800374693 /* LaunchScreen.storyboard in Resources */ = {isa = PBXBuildFile; fileRef = 4C1D490D2269E10800374693 /* LaunchScreen.storyboard */; };
		4C1D491A2269E10800374693 /* MoviesTests.swift in Sources */ = {isa = PBXBuildFile; fileRef = 4C1D49192269E10800374693 /* MoviesTests.swift */; };
		4C1D49252269E10800374693 /* MoviesUITests.swift in Sources */ = {isa = PBXBuildFile; fileRef = 4C1D49242269E10800374693 /* MoviesUITests.swift */; };
		4C1D49482269F88A00374693 /* SimpleView.swift in Sources */ = {isa = PBXBuildFile; fileRef = 4C1D49472269F88A00374693 /* SimpleView.swift */; };
		4C1D49492269F88A00374693 /* SimpleView.swift in Sources */ = {isa = PBXBuildFile; fileRef = 4C1D49472269F88A00374693 /* SimpleView.swift */; };
		4C1D494A2269F88A00374693 /* SimpleView.swift in Sources */ = {isa = PBXBuildFile; fileRef = 4C1D49472269F88A00374693 /* SimpleView.swift */; };
		4C1D494F2269F90A00374693 /* Localizable.strings in Resources */ = {isa = PBXBuildFile; fileRef = 4C1D49532269F90A00374693 /* Localizable.strings */; };
		4C1D49502269F90A00374693 /* Localizable.strings in Resources */ = {isa = PBXBuildFile; fileRef = 4C1D49532269F90A00374693 /* Localizable.strings */; };
		4C1D49512269F90A00374693 /* Localizable.strings in Resources */ = {isa = PBXBuildFile; fileRef = 4C1D49532269F90A00374693 /* Localizable.strings */; };
		4C1D495E226A15C400374693 /* AppAPIConfig.swift in Sources */ = {isa = PBXBuildFile; fileRef = 4C1D495D226A15C400374693 /* AppAPIConfig.swift */; };
		4C1D495F226A15C400374693 /* AppAPIConfig.swift in Sources */ = {isa = PBXBuildFile; fileRef = 4C1D495D226A15C400374693 /* AppAPIConfig.swift */; };
		4C1D4960226A15C400374693 /* AppAPIConfig.swift in Sources */ = {isa = PBXBuildFile; fileRef = 4C1D495D226A15C400374693 /* AppAPIConfig.swift */; };
		4C1D4962226A182300374693 /* NetworkManager.swift in Sources */ = {isa = PBXBuildFile; fileRef = 4C1D4961226A182300374693 /* NetworkManager.swift */; };
		4C1D4963226A182300374693 /* NetworkManager.swift in Sources */ = {isa = PBXBuildFile; fileRef = 4C1D4961226A182300374693 /* NetworkManager.swift */; };
		4C1D4964226A182300374693 /* NetworkManager.swift in Sources */ = {isa = PBXBuildFile; fileRef = 4C1D4961226A182300374693 /* NetworkManager.swift */; };
		4C1D4967226A18E900374693 /* CustomLog.swift in Sources */ = {isa = PBXBuildFile; fileRef = 4C1D4966226A18E900374693 /* CustomLog.swift */; };
		4C1D4968226A18E900374693 /* CustomLog.swift in Sources */ = {isa = PBXBuildFile; fileRef = 4C1D4966226A18E900374693 /* CustomLog.swift */; };
		4C1D4969226A18E900374693 /* CustomLog.swift in Sources */ = {isa = PBXBuildFile; fileRef = 4C1D4966226A18E900374693 /* CustomLog.swift */; };
/* End PBXBuildFile section */

/* Begin PBXContainerItemProxy section */
		4C1D49162269E10800374693 /* PBXContainerItemProxy */ = {
			isa = PBXContainerItemProxy;
			containerPortal = 4C1D48F62269E10600374693 /* Project object */;
			proxyType = 1;
			remoteGlobalIDString = 4C1D48FD2269E10600374693;
			remoteInfo = Movies;
		};
		4C1D49212269E10800374693 /* PBXContainerItemProxy */ = {
			isa = PBXContainerItemProxy;
			containerPortal = 4C1D48F62269E10600374693 /* Project object */;
			proxyType = 1;
			remoteGlobalIDString = 4C1D48FD2269E10600374693;
			remoteInfo = Movies;
		};
/* End PBXContainerItemProxy section */

/* Begin PBXFileReference section */
		4C0C3B5B226A2497008A8679 /* Alamofire.framework */ = {isa = PBXFileReference; lastKnownFileType = wrapper.framework; name = Alamofire.framework; path = Carthage/Build/iOS/Alamofire.framework; sourceTree = SOURCE_ROOT; };
		4C0C3B5C226A2497008A8679 /* JGProgressHUD.framework */ = {isa = PBXFileReference; lastKnownFileType = wrapper.framework; name = JGProgressHUD.framework; path = Carthage/Build/iOS/JGProgressHUD.framework; sourceTree = SOURCE_ROOT; };
		4C0C3B5F226A2818008A8679 /* NetworkRouter.swift */ = {isa = PBXFileReference; lastKnownFileType = sourcecode.swift; path = NetworkRouter.swift; sourceTree = "<group>"; };
		4C0C3B61226A285D008A8679 /* NetworkManager+Movies.swift */ = {isa = PBXFileReference; lastKnownFileType = sourcecode.swift; path = "NetworkManager+Movies.swift"; sourceTree = "<group>"; };
		4C0C3B66226A29FD008A8679 /* StringExtensions.swift */ = {isa = PBXFileReference; lastKnownFileType = sourcecode.swift; path = StringExtensions.swift; sourceTree = "<group>"; };
		4C0C3B68226A2A76008A8679 /* ColorExtensions.swift */ = {isa = PBXFileReference; lastKnownFileType = sourcecode.swift; path = ColorExtensions.swift; sourceTree = "<group>"; };
		4C0C3B6E226A3604008A8679 /* NetworkManager+Images.swift */ = {isa = PBXFileReference; lastKnownFileType = sourcecode.swift; path = "NetworkManager+Images.swift"; sourceTree = "<group>"; };
		4C0C3B74226B219D008A8679 /* MovieBaseModel.swift */ = {isa = PBXFileReference; lastKnownFileType = sourcecode.swift; path = MovieBaseModel.swift; sourceTree = "<group>"; };
		4C0C3B77226B230A008A8679 /* MovieModel.swift */ = {isa = PBXFileReference; lastKnownFileType = sourcecode.swift; path = MovieModel.swift; sourceTree = "<group>"; };
		4C0C3B7B226B232F008A8679 /* MovieDetailModel.swift */ = {isa = PBXFileReference; lastKnownFileType = sourcecode.swift; path = MovieDetailModel.swift; sourceTree = "<group>"; };
		4C0C3B7F226B2400008A8679 /* CatalogMovieParser.swift */ = {isa = PBXFileReference; lastKnownFileType = sourcecode.swift; path = CatalogMovieParser.swift; sourceTree = "<group>"; };
		4C0C3B83226B2750008A8679 /* MovieDetailBaseModel.swift */ = {isa = PBXFileReference; lastKnownFileType = sourcecode.swift; path = MovieDetailBaseModel.swift; sourceTree = "<group>"; };
		4C0C3B88226B285B008A8679 /* GenreBaseModel.swift */ = {isa = PBXFileReference; lastKnownFileType = sourcecode.swift; path = GenreBaseModel.swift; sourceTree = "<group>"; };
		4C0C3B8C226B2B3D008A8679 /* DetailParser.swift */ = {isa = PBXFileReference; lastKnownFileType = sourcecode.swift; path = DetailParser.swift; sourceTree = "<group>"; };
		4C0C3B92226B3640008A8679 /* VideoBaseModel.swift */ = {isa = PBXFileReference; lastKnownFileType = sourcecode.swift; path = VideoBaseModel.swift; sourceTree = "<group>"; };
		4C0C3B97226B36B2008A8679 /* VideoParser.swift */ = {isa = PBXFileReference; lastKnownFileType = sourcecode.swift; path = VideoParser.swift; sourceTree = "<group>"; };
		4C0C3B9B226B38BE008A8679 /* MovieCatalogPresenter.swift */ = {isa = PBXFileReference; lastKnownFileType = sourcecode.swift; path = MovieCatalogPresenter.swift; sourceTree = "<group>"; };
		4C0C3B9C226B38BE008A8679 /* MovieCatalogWorker.swift */ = {isa = PBXFileReference; lastKnownFileType = sourcecode.swift; path = MovieCatalogWorker.swift; sourceTree = "<group>"; };
		4C0C3B9D226B38BE008A8679 /* MovieCatalogRouter.swift */ = {isa = PBXFileReference; lastKnownFileType = sourcecode.swift; path = MovieCatalogRouter.swift; sourceTree = "<group>"; };
		4C0C3B9E226B38BE008A8679 /* MovieCatalogModels.swift */ = {isa = PBXFileReference; lastKnownFileType = sourcecode.swift; path = MovieCatalogModels.swift; sourceTree = "<group>"; };
		4C0C3B9F226B38BE008A8679 /* MovieCatalogViewController.swift */ = {isa = PBXFileReference; lastKnownFileType = sourcecode.swift; path = MovieCatalogViewController.swift; sourceTree = "<group>"; };
		4C0C3BA0226B38BE008A8679 /* MovieCatalogInteractor.swift */ = {isa = PBXFileReference; lastKnownFileType = sourcecode.swift; path = MovieCatalogInteractor.swift; sourceTree = "<group>"; };
		4C0C3BA1226B38BE008A8679 /* MovieCatalogView.swift */ = {isa = PBXFileReference; lastKnownFileType = sourcecode.swift; path = MovieCatalogView.swift; sourceTree = "<group>"; };
		4C0C3BBA226B3EC5008A8679 /* Custom.swift */ = {isa = PBXFileReference; lastKnownFileType = sourcecode.swift; path = Custom.swift; sourceTree = "<group>"; };
		4C0C3BC4226B7595008A8679 /* MovieCatalogTableViewCell.swift */ = {isa = PBXFileReference; lastKnownFileType = sourcecode.swift; path = MovieCatalogTableViewCell.swift; sourceTree = "<group>"; };
		4C0C3BC8226B768B008A8679 /* FontExtensions.swift */ = {isa = PBXFileReference; lastKnownFileType = sourcecode.swift; path = FontExtensions.swift; sourceTree = "<group>"; };
		4C0C3BCD226B850F008A8679 /* opensans_bold.ttf */ = {isa = PBXFileReference; lastKnownFileType = file; path = opensans_bold.ttf; sourceTree = "<group>"; };
		4C0C3BCE226B850F008A8679 /* opensans_light.ttf */ = {isa = PBXFileReference; lastKnownFileType = file; path = opensans_light.ttf; sourceTree = "<group>"; };
		4C0C3BCF226B850F008A8679 /* opensans_regular.ttf */ = {isa = PBXFileReference; lastKnownFileType = file; path = opensans_regular.ttf; sourceTree = "<group>"; };
		4C1D48FE2269E10600374693 /* Movies.app */ = {isa = PBXFileReference; explicitFileType = wrapper.application; includeInIndex = 0; path = Movies.app; sourceTree = BUILT_PRODUCTS_DIR; };
		4C1D49012269E10600374693 /* AppDelegate.swift */ = {isa = PBXFileReference; lastKnownFileType = sourcecode.swift; path = AppDelegate.swift; sourceTree = "<group>"; };
		4C1D49092269E10600374693 /* Movies.xcdatamodel */ = {isa = PBXFileReference; lastKnownFileType = wrapper.xcdatamodel; path = Movies.xcdatamodel; sourceTree = "<group>"; };
		4C1D490B2269E10800374693 /* Assets.xcassets */ = {isa = PBXFileReference; lastKnownFileType = folder.assetcatalog; path = Assets.xcassets; sourceTree = "<group>"; };
		4C1D490E2269E10800374693 /* Base */ = {isa = PBXFileReference; lastKnownFileType = file.storyboard; name = Base; path = Base.lproj/LaunchScreen.storyboard; sourceTree = "<group>"; };
		4C1D49102269E10800374693 /* Info.plist */ = {isa = PBXFileReference; lastKnownFileType = text.plist.xml; path = Info.plist; sourceTree = "<group>"; };
		4C1D49152269E10800374693 /* MoviesTests.xctest */ = {isa = PBXFileReference; explicitFileType = wrapper.cfbundle; includeInIndex = 0; path = MoviesTests.xctest; sourceTree = BUILT_PRODUCTS_DIR; };
		4C1D49192269E10800374693 /* MoviesTests.swift */ = {isa = PBXFileReference; lastKnownFileType = sourcecode.swift; path = MoviesTests.swift; sourceTree = "<group>"; };
		4C1D491B2269E10800374693 /* Info.plist */ = {isa = PBXFileReference; lastKnownFileType = text.plist.xml; path = Info.plist; sourceTree = "<group>"; };
		4C1D49202269E10800374693 /* MoviesUITests.xctest */ = {isa = PBXFileReference; explicitFileType = wrapper.cfbundle; includeInIndex = 0; path = MoviesUITests.xctest; sourceTree = BUILT_PRODUCTS_DIR; };
		4C1D49242269E10800374693 /* MoviesUITests.swift */ = {isa = PBXFileReference; lastKnownFileType = sourcecode.swift; path = MoviesUITests.swift; sourceTree = "<group>"; };
		4C1D49262269E10800374693 /* Info.plist */ = {isa = PBXFileReference; lastKnownFileType = text.plist.xml; path = Info.plist; sourceTree = "<group>"; };
		4C1D49472269F88A00374693 /* SimpleView.swift */ = {isa = PBXFileReference; fileEncoding = 4; lastKnownFileType = sourcecode.swift; path = SimpleView.swift; sourceTree = "<group>"; };
		4C1D49522269F90A00374693 /* en */ = {isa = PBXFileReference; lastKnownFileType = text.plist.strings; name = en; path = en.lproj/Localizable.strings; sourceTree = "<group>"; };
		4C1D495D226A15C400374693 /* AppAPIConfig.swift */ = {isa = PBXFileReference; lastKnownFileType = sourcecode.swift; path = AppAPIConfig.swift; sourceTree = "<group>"; };
		4C1D4961226A182300374693 /* NetworkManager.swift */ = {isa = PBXFileReference; lastKnownFileType = sourcecode.swift; path = NetworkManager.swift; sourceTree = "<group>"; };
		4C1D4966226A18E900374693 /* CustomLog.swift */ = {isa = PBXFileReference; lastKnownFileType = sourcecode.swift; path = CustomLog.swift; sourceTree = "<group>"; };
/* End PBXFileReference section */

/* Begin PBXFrameworksBuildPhase section */
		4C1D48FB2269E10600374693 /* Frameworks */ = {
			isa = PBXFrameworksBuildPhase;
			buildActionMask = 2147483647;
			files = (
				4C0C3B5E226A2497008A8679 /* JGProgressHUD.framework in Frameworks */,
				4C0C3B5D226A2497008A8679 /* Alamofire.framework in Frameworks */,
			);
			runOnlyForDeploymentPostprocessing = 0;
		};
		4C1D49122269E10800374693 /* Frameworks */ = {
			isa = PBXFrameworksBuildPhase;
			buildActionMask = 2147483647;
			files = (
			);
			runOnlyForDeploymentPostprocessing = 0;
		};
		4C1D491D2269E10800374693 /* Frameworks */ = {
			isa = PBXFrameworksBuildPhase;
			buildActionMask = 2147483647;
			files = (
			);
			runOnlyForDeploymentPostprocessing = 0;
		};
/* End PBXFrameworksBuildPhase section */

/* Begin PBXGroup section */
		4C0C3B65226A29D5008A8679 /* Extensions */ = {
			isa = PBXGroup;
			children = (
				4C0C3B66226A29FD008A8679 /* StringExtensions.swift */,
				4C0C3B68226A2A76008A8679 /* ColorExtensions.swift */,
				4C0C3BC8226B768B008A8679 /* FontExtensions.swift */,
			);
			path = Extensions;
			sourceTree = "<group>";
		};
		4C0C3B72226B1F60008A8679 /* Movie */ = {
			isa = PBXGroup;
			children = (
				4C0C3B77226B230A008A8679 /* MovieModel.swift */,
			);
			path = Movie;
			sourceTree = "<group>";
		};
		4C0C3B73226B217C008A8679 /* Movie */ = {
			isa = PBXGroup;
			children = (
				4C0C3B74226B219D008A8679 /* MovieBaseModel.swift */,
				4C0C3B83226B2750008A8679 /* MovieDetailBaseModel.swift */,
			);
			path = Movie;
			sourceTree = "<group>";
		};
		4C0C3B76226B22E4008A8679 /* Movie Detail */ = {
			isa = PBXGroup;
			children = (
				4C0C3B7B226B232F008A8679 /* MovieDetailModel.swift */,
			);
			path = "Movie Detail";
			sourceTree = "<group>";
		};
		4C0C3BB7226B38CB008A8679 /* Movie Details */ = {
			isa = PBXGroup;
			children = (
			);
			path = "Movie Details";
			sourceTree = "<group>";
		};
		4C0C3BB8226B3904008A8679 /* View */ = {
			isa = PBXGroup;
			children = (
				4C0C3BA1226B38BE008A8679 /* MovieCatalogView.swift */,
				4C0C3BC4226B7595008A8679 /* MovieCatalogTableViewCell.swift */,
			);
			path = View;
			sourceTree = "<group>";
		};
		4C0C3BB9226B3EAC008A8679 /* Custom Types */ = {
			isa = PBXGroup;
			children = (
				4C0C3BBA226B3EC5008A8679 /* Custom.swift */,
			);
			path = "Custom Types";
			sourceTree = "<group>";
		};
		4C0C3BBE226B43AE008A8679 /* Genre */ = {
			isa = PBXGroup;
			children = (
				4C0C3B88226B285B008A8679 /* GenreBaseModel.swift */,
			);
			path = Genre;
			sourceTree = "<group>";
		};
		4C0C3BBF226B43B5008A8679 /* Video */ = {
			isa = PBXGroup;
			children = (
				4C0C3B92226B3640008A8679 /* VideoBaseModel.swift */,
			);
			path = Video;
			sourceTree = "<group>";
		};
		4C0C3BCC226B84F8008A8679 /* Fonts */ = {
			isa = PBXGroup;
			children = (
				4C0C3BCD226B850F008A8679 /* opensans_bold.ttf */,
				4C0C3BCE226B850F008A8679 /* opensans_light.ttf */,
				4C0C3BCF226B850F008A8679 /* opensans_regular.ttf */,
			);
			path = Fonts;
			sourceTree = "<group>";
		};
		4C1D48F52269E10600374693 = {
			isa = PBXGroup;
			children = (
				4C1D49002269E10600374693 /* Sources */,
				4C1D49182269E10800374693 /* MoviesTests */,
				4C1D49232269E10800374693 /* MoviesUITests */,
				4C1D49352269F67B00374693 /* Frameworks */,
				4C1D48FF2269E10600374693 /* Products */,
			);
			sourceTree = "<group>";
		};
		4C1D48FF2269E10600374693 /* Products */ = {
			isa = PBXGroup;
			children = (
				4C1D48FE2269E10600374693 /* Movies.app */,
				4C1D49152269E10800374693 /* MoviesTests.xctest */,
				4C1D49202269E10800374693 /* MoviesUITests.xctest */,
			);
			name = Products;
			sourceTree = "<group>";
		};
		4C1D49002269E10600374693 /* Sources */ = {
			isa = PBXGroup;
			children = (
				4C1D49332269F65200374693 /* Infrastructure */,
				4C1D49342269F66400374693 /* Interface */,
			);
			path = Sources;
			sourceTree = "<group>";
		};
		4C1D49182269E10800374693 /* MoviesTests */ = {
			isa = PBXGroup;
			children = (
				4C1D49192269E10800374693 /* MoviesTests.swift */,
				4C1D491B2269E10800374693 /* Info.plist */,
			);
			path = MoviesTests;
			sourceTree = "<group>";
		};
		4C1D49232269E10800374693 /* MoviesUITests */ = {
			isa = PBXGroup;
			children = (
				4C1D49242269E10800374693 /* MoviesUITests.swift */,
				4C1D49262269E10800374693 /* Info.plist */,
			);
			path = MoviesUITests;
			sourceTree = "<group>";
		};
		4C1D49332269F65200374693 /* Infrastructure */ = {
			isa = PBXGroup;
			children = (
				4C1D49012269E10600374693 /* AppDelegate.swift */,
				4C1D49362269F6B000374693 /* API Config */,
				4C1D49372269F6CE00374693 /* Config */,
				4C1D49382269F6D600374693 /* DataBase */,
				4C1D49392269F6E000374693 /* Helpers */,
				4C0C3B65226A29D5008A8679 /* Extensions */,
				4C1D493A2269F6E900374693 /* Libraries */,
				4C1D493B2269F6F100374693 /* Managers */,
				4C1D493C2269F6F700374693 /* Models */,
				4C0C3BB9226B3EAC008A8679 /* Custom Types */,
				4C1D493D2269F70200374693 /* Supporting Files */,
			);
			path = Infrastructure;
			sourceTree = "<group>";
		};
		4C1D49342269F66400374693 /* Interface */ = {
			isa = PBXGroup;
			children = (
				4C1D49452269F83300374693 /* Common Controls */,
				4C1D49462269F84B00374693 /* Movie Catalog */,
				4C0C3BB7226B38CB008A8679 /* Movie Details */,
			);
			path = Interface;
			sourceTree = "<group>";
		};
		4C1D49352269F67B00374693 /* Frameworks */ = {
			isa = PBXGroup;
			children = (
				4C0C3B5B226A2497008A8679 /* Alamofire.framework */,
				4C0C3B5C226A2497008A8679 /* JGProgressHUD.framework */,
			);
			path = Frameworks;
			sourceTree = "<group>";
		};
		4C1D49362269F6B000374693 /* API Config */ = {
			isa = PBXGroup;
			children = (
				4C1D495D226A15C400374693 /* AppAPIConfig.swift */,
			);
			path = "API Config";
			sourceTree = "<group>";
		};
		4C1D49372269F6CE00374693 /* Config */ = {
			isa = PBXGroup;
			children = (
			);
			path = Config;
			sourceTree = "<group>";
		};
		4C1D49382269F6D600374693 /* DataBase */ = {
			isa = PBXGroup;
			children = (
				4C1D49082269E10600374693 /* Movies.xcdatamodeld */,
			);
			path = DataBase;
			sourceTree = "<group>";
		};
		4C1D49392269F6E000374693 /* Helpers */ = {
			isa = PBXGroup;
			children = (
				4C1D4965226A18D300374693 /* Log */,
			);
			path = Helpers;
			sourceTree = "<group>";
		};
		4C1D493A2269F6E900374693 /* Libraries */ = {
			isa = PBXGroup;
			children = (
			);
			path = Libraries;
			sourceTree = "<group>";
		};
		4C1D493B2269F6F100374693 /* Managers */ = {
			isa = PBXGroup;
			children = (
				4C1D493F2269F79D00374693 /* Data Provider */,
				4C1D49402269F7AF00374693 /* Network */,
				4C1D49412269F7C900374693 /* User Defaults */,
			);
			path = Managers;
			sourceTree = "<group>";
		};
		4C1D493C2269F6F700374693 /* Models */ = {
			isa = PBXGroup;
			children = (
				4C1D49422269F7EF00374693 /* Base Models */,
				4C1D49442269F80200374693 /* View Models */,
				4C1D49432269F7F800374693 /* Parser */,
			);
			path = Models;
			sourceTree = "<group>";
		};
		4C1D493D2269F70200374693 /* Supporting Files */ = {
			isa = PBXGroup;
			children = (
				4C1D493E2269F73400374693 /* Resources */,
				4C1D49102269E10800374693 /* Info.plist */,
				4C1D490D2269E10800374693 /* LaunchScreen.storyboard */,
				4C1D49532269F90A00374693 /* Localizable.strings */,
			);
			path = "Supporting Files";
			sourceTree = "<group>";
		};
		4C1D493E2269F73400374693 /* Resources */ = {
			isa = PBXGroup;
			children = (
				4C0C3BCC226B84F8008A8679 /* Fonts */,
				4C1D490B2269E10800374693 /* Assets.xcassets */,
			);
			path = Resources;
			sourceTree = "<group>";
		};
		4C1D493F2269F79D00374693 /* Data Provider */ = {
			isa = PBXGroup;
			children = (
			);
			path = "Data Provider";
			sourceTree = "<group>";
		};
		4C1D49402269F7AF00374693 /* Network */ = {
			isa = PBXGroup;
			children = (
				4C1D4961226A182300374693 /* NetworkManager.swift */,
				4C0C3B5F226A2818008A8679 /* NetworkRouter.swift */,
				4C0C3B61226A285D008A8679 /* NetworkManager+Movies.swift */,
				4C0C3B6E226A3604008A8679 /* NetworkManager+Images.swift */,
			);
			path = Network;
			sourceTree = "<group>";
		};
		4C1D49412269F7C900374693 /* User Defaults */ = {
			isa = PBXGroup;
			children = (
			);
			path = "User Defaults";
			sourceTree = "<group>";
		};
		4C1D49422269F7EF00374693 /* Base Models */ = {
			isa = PBXGroup;
			children = (
				4C0C3B73226B217C008A8679 /* Movie */,
				4C0C3BBE226B43AE008A8679 /* Genre */,
				4C0C3BBF226B43B5008A8679 /* Video */,
			);
			path = "Base Models";
			sourceTree = "<group>";
		};
		4C1D49432269F7F800374693 /* Parser */ = {
			isa = PBXGroup;
			children = (
				4C0C3B7F226B2400008A8679 /* CatalogMovieParser.swift */,
				4C0C3B8C226B2B3D008A8679 /* DetailParser.swift */,
				4C0C3B97226B36B2008A8679 /* VideoParser.swift */,
			);
			path = Parser;
			sourceTree = "<group>";
		};
		4C1D49442269F80200374693 /* View Models */ = {
			isa = PBXGroup;
			children = (
				4C0C3B72226B1F60008A8679 /* Movie */,
				4C0C3B76226B22E4008A8679 /* Movie Detail */,
			);
			path = "View Models";
			sourceTree = "<group>";
		};
		4C1D49452269F83300374693 /* Common Controls */ = {
			isa = PBXGroup;
			children = (
				4C1D49472269F88A00374693 /* SimpleView.swift */,
			);
			path = "Common Controls";
			sourceTree = "<group>";
		};
		4C1D49462269F84B00374693 /* Movie Catalog */ = {
			isa = PBXGroup;
			children = (
				4C0C3BB8226B3904008A8679 /* View */,
				4C0C3B9F226B38BE008A8679 /* MovieCatalogViewController.swift */,
				4C0C3BA0226B38BE008A8679 /* MovieCatalogInteractor.swift */,
				4C0C3B9C226B38BE008A8679 /* MovieCatalogWorker.swift */,
				4C0C3B9B226B38BE008A8679 /* MovieCatalogPresenter.swift */,
				4C0C3B9D226B38BE008A8679 /* MovieCatalogRouter.swift */,
				4C0C3B9E226B38BE008A8679 /* MovieCatalogModels.swift */,
			);
			path = "Movie Catalog";
			sourceTree = "<group>";
		};
		4C1D4965226A18D300374693 /* Log */ = {
			isa = PBXGroup;
			children = (
				4C1D4966226A18E900374693 /* CustomLog.swift */,
			);
			path = Log;
			sourceTree = "<group>";
		};
/* End PBXGroup section */

/* Begin PBXNativeTarget section */
		4C1D48FD2269E10600374693 /* Movies */ = {
			isa = PBXNativeTarget;
			buildConfigurationList = 4C1D49292269E10800374693 /* Build configuration list for PBXNativeTarget "Movies" */;
			buildPhases = (
				4C1D48FA2269E10600374693 /* Sources */,
				4C1D48FB2269E10600374693 /* Frameworks */,
				4C1D48FC2269E10600374693 /* Resources */,
				4C1D495C226A0CC600374693 /* Carthage */,
			);
			buildRules = (
			);
			dependencies = (
			);
			name = Movies;
			productName = Movies;
			productReference = 4C1D48FE2269E10600374693 /* Movies.app */;
			productType = "com.apple.product-type.application";
		};
		4C1D49142269E10800374693 /* MoviesTests */ = {
			isa = PBXNativeTarget;
			buildConfigurationList = 4C1D492C2269E10800374693 /* Build configuration list for PBXNativeTarget "MoviesTests" */;
			buildPhases = (
				4C1D49112269E10800374693 /* Sources */,
				4C1D49122269E10800374693 /* Frameworks */,
				4C1D49132269E10800374693 /* Resources */,
			);
			buildRules = (
			);
			dependencies = (
				4C1D49172269E10800374693 /* PBXTargetDependency */,
			);
			name = MoviesTests;
			productName = MoviesTests;
			productReference = 4C1D49152269E10800374693 /* MoviesTests.xctest */;
			productType = "com.apple.product-type.bundle.unit-test";
		};
		4C1D491F2269E10800374693 /* MoviesUITests */ = {
			isa = PBXNativeTarget;
			buildConfigurationList = 4C1D492F2269E10800374693 /* Build configuration list for PBXNativeTarget "MoviesUITests" */;
			buildPhases = (
				4C1D491C2269E10800374693 /* Sources */,
				4C1D491D2269E10800374693 /* Frameworks */,
				4C1D491E2269E10800374693 /* Resources */,
			);
			buildRules = (
			);
			dependencies = (
				4C1D49222269E10800374693 /* PBXTargetDependency */,
			);
			name = MoviesUITests;
			productName = MoviesUITests;
			productReference = 4C1D49202269E10800374693 /* MoviesUITests.xctest */;
			productType = "com.apple.product-type.bundle.ui-testing";
		};
/* End PBXNativeTarget section */

/* Begin PBXProject section */
		4C1D48F62269E10600374693 /* Project object */ = {
			isa = PBXProject;
			attributes = {
				LastSwiftUpdateCheck = 1020;
				LastUpgradeCheck = 1020;
				ORGANIZATIONNAME = "Javier Dominguez";
				TargetAttributes = {
					4C1D48FD2269E10600374693 = {
						CreatedOnToolsVersion = 10.2.1;
					};
					4C1D49142269E10800374693 = {
						CreatedOnToolsVersion = 10.2.1;
						TestTargetID = 4C1D48FD2269E10600374693;
					};
					4C1D491F2269E10800374693 = {
						CreatedOnToolsVersion = 10.2.1;
						TestTargetID = 4C1D48FD2269E10600374693;
					};
				};
			};
			buildConfigurationList = 4C1D48F92269E10600374693 /* Build configuration list for PBXProject "Movies" */;
			compatibilityVersion = "Xcode 9.3";
			developmentRegion = en;
			hasScannedForEncodings = 0;
			knownRegions = (
				en,
				Base,
			);
			mainGroup = 4C1D48F52269E10600374693;
			productRefGroup = 4C1D48FF2269E10600374693 /* Products */;
			projectDirPath = "";
			projectRoot = "";
			targets = (
				4C1D48FD2269E10600374693 /* Movies */,
				4C1D49142269E10800374693 /* MoviesTests */,
				4C1D491F2269E10800374693 /* MoviesUITests */,
			);
		};
/* End PBXProject section */

/* Begin PBXResourcesBuildPhase section */
		4C1D48FC2269E10600374693 /* Resources */ = {
			isa = PBXResourcesBuildPhase;
			buildActionMask = 2147483647;
			files = (
				4C0C3BD0226B8518008A8679 /* opensans_bold.ttf in Resources */,
				4C1D490F2269E10800374693 /* LaunchScreen.storyboard in Resources */,
				4C0C3BD7226B8520008A8679 /* opensans_regular.ttf in Resources */,
				4C0C3BD4226B851C008A8679 /* opensans_light.ttf in Resources */,
				4C1D494F2269F90A00374693 /* Localizable.strings in Resources */,
				4C1D490C2269E10800374693 /* Assets.xcassets in Resources */,
			);
			runOnlyForDeploymentPostprocessing = 0;
		};
		4C1D49132269E10800374693 /* Resources */ = {
			isa = PBXResourcesBuildPhase;
			buildActionMask = 2147483647;
			files = (
				4C0C3BD8226B8521008A8679 /* opensans_regular.ttf in Resources */,
				4C0C3BD3226B851A008A8679 /* opensans_bold.ttf in Resources */,
				4C0C3BD5226B851D008A8679 /* opensans_light.ttf in Resources */,
				4C1D49502269F90A00374693 /* Localizable.strings in Resources */,
			);
			runOnlyForDeploymentPostprocessing = 0;
		};
		4C1D491E2269E10800374693 /* Resources */ = {
			isa = PBXResourcesBuildPhase;
			buildActionMask = 2147483647;
			files = (
				4C0C3BD9226B8521008A8679 /* opensans_regular.ttf in Resources */,
				4C0C3BD2226B8519008A8679 /* opensans_bold.ttf in Resources */,
				4C0C3BD6226B851E008A8679 /* opensans_light.ttf in Resources */,
				4C1D49512269F90A00374693 /* Localizable.strings in Resources */,
			);
			runOnlyForDeploymentPostprocessing = 0;
		};
/* End PBXResourcesBuildPhase section */

/* Begin PBXShellScriptBuildPhase section */
		4C1D495C226A0CC600374693 /* Carthage */ = {
			isa = PBXShellScriptBuildPhase;
			buildActionMask = 2147483647;
			files = (
			);
			inputFileListPaths = (
			);
			inputPaths = (
				"$(SRCROOT)/Carthage/Build/iOS/Alamofire.framework",
				"$(SRCROOT)/Carthage/Build/iOS/JGProgressHUD.framework",
			);
			name = Carthage;
			outputFileListPaths = (
			);
			outputPaths = (
			);
			runOnlyForDeploymentPostprocessing = 0;
			shellPath = /bin/sh;
			shellScript = "/usr/local/bin/carthage copy-frameworks\n";
		};
/* End PBXShellScriptBuildPhase section */

/* Begin PBXSourcesBuildPhase section */
		4C1D48FA2269E10600374693 /* Sources */ = {
			isa = PBXSourcesBuildPhase;
			buildActionMask = 2147483647;
			files = (
				4C0C3B84226B2750008A8679 /* MovieDetailBaseModel.swift in Sources */,
				4C0C3B75226B219D008A8679 /* MovieBaseModel.swift in Sources */,
				4C0C3BC9226B768B008A8679 /* FontExtensions.swift in Sources */,
				4C0C3BAB226B38BE008A8679 /* MovieCatalogModels.swift in Sources */,
				4C0C3BB4226B38BE008A8679 /* MovieCatalogView.swift in Sources */,
				4C0C3B7C226B232F008A8679 /* MovieDetailModel.swift in Sources */,
				4C0C3B89226B285B008A8679 /* GenreBaseModel.swift in Sources */,
				4C0C3B80226B2400008A8679 /* CatalogMovieParser.swift in Sources */,
				4C0C3B8D226B2B3E008A8679 /* DetailParser.swift in Sources */,
				4C0C3BA2226B38BE008A8679 /* MovieCatalogPresenter.swift in Sources */,
				4C0C3B78226B230A008A8679 /* MovieModel.swift in Sources */,
				4C0C3B69226A2A76008A8679 /* ColorExtensions.swift in Sources */,
				4C0C3BAE226B38BE008A8679 /* MovieCatalogViewController.swift in Sources */,
				4C0C3BB1226B38BE008A8679 /* MovieCatalogInteractor.swift in Sources */,
				4C1D490A2269E10600374693 /* Movies.xcdatamodeld in Sources */,
				4C0C3BBB226B3EC5008A8679 /* Custom.swift in Sources */,
				4C0C3B6F226A3604008A8679 /* NetworkManager+Images.swift in Sources */,
				4C0C3B67226A29FD008A8679 /* StringExtensions.swift in Sources */,
				4C1D49482269F88A00374693 /* SimpleView.swift in Sources */,
				4C0C3B62226A285D008A8679 /* NetworkManager+Movies.swift in Sources */,
				4C1D4962226A182300374693 /* NetworkManager.swift in Sources */,
				4C1D495E226A15C400374693 /* AppAPIConfig.swift in Sources */,
				4C0C3B93226B3640008A8679 /* VideoBaseModel.swift in Sources */,
				4C0C3B98226B36B2008A8679 /* VideoParser.swift in Sources */,
				4C0C3BA5226B38BE008A8679 /* MovieCatalogWorker.swift in Sources */,
				4C1D49022269E10600374693 /* AppDelegate.swift in Sources */,
				4C0C3BC5226B7595008A8679 /* MovieCatalogTableViewCell.swift in Sources */,
				4C0C3B60226A2818008A8679 /* NetworkRouter.swift in Sources */,
				4C0C3BA8226B38BE008A8679 /* MovieCatalogRouter.swift in Sources */,
				4C1D4967226A18E900374693 /* CustomLog.swift in Sources */,
			);
			runOnlyForDeploymentPostprocessing = 0;
		};
		4C1D49112269E10800374693 /* Sources */ = {
			isa = PBXSourcesBuildPhase;
			buildActionMask = 2147483647;
			files = (
				4C0C3B85226B2750008A8679 /* MovieDetailBaseModel.swift in Sources */,
				4C0C3B6A226A2A79008A8679 /* StringExtensions.swift in Sources */,
				4C0C3BCA226B768B008A8679 /* FontExtensions.swift in Sources */,
				4C0C3B94226B3640008A8679 /* VideoBaseModel.swift in Sources */,
				4C0C3BA9226B38BE008A8679 /* MovieCatalogRouter.swift in Sources */,
				4C0C3BA3226B38BE008A8679 /* MovieCatalogPresenter.swift in Sources */,
				4C0C3BB2226B38BE008A8679 /* MovieCatalogInteractor.swift in Sources */,
				4C1D4963226A182300374693 /* NetworkManager.swift in Sources */,
				4C1D4968226A18E900374693 /* CustomLog.swift in Sources */,
				4C0C3B90226B2B43008A8679 /* MovieBaseModel.swift in Sources */,
				4C0C3BBC226B3EC5008A8679 /* Custom.swift in Sources */,
				4C0C3BC6226B7595008A8679 /* MovieCatalogTableViewCell.swift in Sources */,
				4C0C3B81226B2400008A8679 /* CatalogMovieParser.swift in Sources */,
				4C0C3B8E226B2B3E008A8679 /* DetailParser.swift in Sources */,
				4C0C3B99226B36B2008A8679 /* VideoParser.swift in Sources */,
				4C1D49492269F88A00374693 /* SimpleView.swift in Sources */,
				4C0C3B8A226B285B008A8679 /* GenreBaseModel.swift in Sources */,
				4C0C3B70226A3604008A8679 /* NetworkManager+Images.swift in Sources */,
				4C0C3BB5226B38BE008A8679 /* MovieCatalogView.swift in Sources */,
				4C0C3BAC226B38BE008A8679 /* MovieCatalogModels.swift in Sources */,
				4C1D495F226A15C400374693 /* AppAPIConfig.swift in Sources */,
				4C0C3BAF226B38BE008A8679 /* MovieCatalogViewController.swift in Sources */,
				4C1D491A2269E10800374693 /* MoviesTests.swift in Sources */,
				4C0C3B7D226B232F008A8679 /* MovieDetailModel.swift in Sources */,
				4C0C3B79226B230A008A8679 /* MovieModel.swift in Sources */,
				4C0C3B6C226A2A7B008A8679 /* ColorExtensions.swift in Sources */,
				4C0C3BA6226B38BE008A8679 /* MovieCatalogWorker.swift in Sources */,
			);
			runOnlyForDeploymentPostprocessing = 0;
		};
		4C1D491C2269E10800374693 /* Sources */ = {
			isa = PBXSourcesBuildPhase;
			buildActionMask = 2147483647;
			files = (
				4C0C3B86226B2750008A8679 /* MovieDetailBaseModel.swift in Sources */,
				4C0C3B6B226A2A79008A8679 /* StringExtensions.swift in Sources */,
				4C0C3BCB226B768B008A8679 /* FontExtensions.swift in Sources */,
				4C0C3B95226B3640008A8679 /* VideoBaseModel.swift in Sources */,
				4C0C3BAA226B38BE008A8679 /* MovieCatalogRouter.swift in Sources */,
				4C0C3BA4226B38BE008A8679 /* MovieCatalogPresenter.swift in Sources */,
				4C0C3BB3226B38BE008A8679 /* MovieCatalogInteractor.swift in Sources */,
				4C1D4964226A182300374693 /* NetworkManager.swift in Sources */,
				4C1D4969226A18E900374693 /* CustomLog.swift in Sources */,
				4C0C3B91226B2B43008A8679 /* MovieBaseModel.swift in Sources */,
				4C0C3BBD226B3EC5008A8679 /* Custom.swift in Sources */,
				4C0C3BC7226B7595008A8679 /* MovieCatalogTableViewCell.swift in Sources */,
				4C0C3B82226B2400008A8679 /* CatalogMovieParser.swift in Sources */,
				4C0C3B8F226B2B3E008A8679 /* DetailParser.swift in Sources */,
				4C0C3B9A226B36B2008A8679 /* VideoParser.swift in Sources */,
				4C1D494A2269F88A00374693 /* SimpleView.swift in Sources */,
				4C0C3B8B226B285B008A8679 /* GenreBaseModel.swift in Sources */,
				4C0C3B71226A3604008A8679 /* NetworkManager+Images.swift in Sources */,
				4C0C3BB6226B38BE008A8679 /* MovieCatalogView.swift in Sources */,
				4C0C3BAD226B38BE008A8679 /* MovieCatalogModels.swift in Sources */,
				4C1D4960226A15C400374693 /* AppAPIConfig.swift in Sources */,
				4C0C3BB0226B38BE008A8679 /* MovieCatalogViewController.swift in Sources */,
				4C1D49252269E10800374693 /* MoviesUITests.swift in Sources */,
				4C0C3B7E226B232F008A8679 /* MovieDetailModel.swift in Sources */,
				4C0C3B7A226B230A008A8679 /* MovieModel.swift in Sources */,
				4C0C3B6D226A2A7C008A8679 /* ColorExtensions.swift in Sources */,
				4C0C3BA7226B38BE008A8679 /* MovieCatalogWorker.swift in Sources */,
			);
			runOnlyForDeploymentPostprocessing = 0;
		};
/* End PBXSourcesBuildPhase section */

/* Begin PBXTargetDependency section */
		4C1D49172269E10800374693 /* PBXTargetDependency */ = {
			isa = PBXTargetDependency;
			target = 4C1D48FD2269E10600374693 /* Movies */;
			targetProxy = 4C1D49162269E10800374693 /* PBXContainerItemProxy */;
		};
		4C1D49222269E10800374693 /* PBXTargetDependency */ = {
			isa = PBXTargetDependency;
			target = 4C1D48FD2269E10600374693 /* Movies */;
			targetProxy = 4C1D49212269E10800374693 /* PBXContainerItemProxy */;
		};
/* End PBXTargetDependency section */

/* Begin PBXVariantGroup section */
		4C1D490D2269E10800374693 /* LaunchScreen.storyboard */ = {
			isa = PBXVariantGroup;
			children = (
				4C1D490E2269E10800374693 /* Base */,
			);
			name = LaunchScreen.storyboard;
			sourceTree = "<group>";
		};
		4C1D49532269F90A00374693 /* Localizable.strings */ = {
			isa = PBXVariantGroup;
			children = (
				4C1D49522269F90A00374693 /* en */,
			);
			name = Localizable.strings;
			sourceTree = "<group>";
		};
/* End PBXVariantGroup section */

/* Begin XCBuildConfiguration section */
		4C1D49272269E10800374693 /* Debug */ = {
			isa = XCBuildConfiguration;
			buildSettings = {
				ALWAYS_SEARCH_USER_PATHS = NO;
				CLANG_ANALYZER_NONNULL = YES;
				CLANG_ANALYZER_NUMBER_OBJECT_CONVERSION = YES_AGGRESSIVE;
				CLANG_CXX_LANGUAGE_STANDARD = "gnu++14";
				CLANG_CXX_LIBRARY = "libc++";
				CLANG_ENABLE_MODULES = YES;
				CLANG_ENABLE_OBJC_ARC = YES;
				CLANG_ENABLE_OBJC_WEAK = YES;
				CLANG_WARN_BLOCK_CAPTURE_AUTORELEASING = YES;
				CLANG_WARN_BOOL_CONVERSION = YES;
				CLANG_WARN_COMMA = YES;
				CLANG_WARN_CONSTANT_CONVERSION = YES;
				CLANG_WARN_DEPRECATED_OBJC_IMPLEMENTATIONS = YES;
				CLANG_WARN_DIRECT_OBJC_ISA_USAGE = YES_ERROR;
				CLANG_WARN_DOCUMENTATION_COMMENTS = YES;
				CLANG_WARN_EMPTY_BODY = YES;
				CLANG_WARN_ENUM_CONVERSION = YES;
				CLANG_WARN_INFINITE_RECURSION = YES;
				CLANG_WARN_INT_CONVERSION = YES;
				CLANG_WARN_NON_LITERAL_NULL_CONVERSION = YES;
				CLANG_WARN_OBJC_IMPLICIT_RETAIN_SELF = YES;
				CLANG_WARN_OBJC_LITERAL_CONVERSION = YES;
				CLANG_WARN_OBJC_ROOT_CLASS = YES_ERROR;
				CLANG_WARN_RANGE_LOOP_ANALYSIS = YES;
				CLANG_WARN_STRICT_PROTOTYPES = YES;
				CLANG_WARN_SUSPICIOUS_MOVE = YES;
				CLANG_WARN_UNGUARDED_AVAILABILITY = YES_AGGRESSIVE;
				CLANG_WARN_UNREACHABLE_CODE = YES;
				CLANG_WARN__DUPLICATE_METHOD_MATCH = YES;
				CODE_SIGN_IDENTITY = "iPhone Developer";
				COPY_PHASE_STRIP = NO;
				DEBUG_INFORMATION_FORMAT = dwarf;
				ENABLE_STRICT_OBJC_MSGSEND = YES;
				ENABLE_TESTABILITY = YES;
				GCC_C_LANGUAGE_STANDARD = gnu11;
				GCC_DYNAMIC_NO_PIC = NO;
				GCC_NO_COMMON_BLOCKS = YES;
				GCC_OPTIMIZATION_LEVEL = 0;
				GCC_PREPROCESSOR_DEFINITIONS = (
					"DEBUG=1",
					"$(inherited)",
				);
				GCC_WARN_64_TO_32_BIT_CONVERSION = YES;
				GCC_WARN_ABOUT_RETURN_TYPE = YES_ERROR;
				GCC_WARN_UNDECLARED_SELECTOR = YES;
				GCC_WARN_UNINITIALIZED_AUTOS = YES_AGGRESSIVE;
				GCC_WARN_UNUSED_FUNCTION = YES;
				GCC_WARN_UNUSED_VARIABLE = YES;
				IPHONEOS_DEPLOYMENT_TARGET = 12.2;
				MTL_ENABLE_DEBUG_INFO = INCLUDE_SOURCE;
				MTL_FAST_MATH = YES;
				ONLY_ACTIVE_ARCH = YES;
				SDKROOT = iphoneos;
				SWIFT_ACTIVE_COMPILATION_CONDITIONS = DEBUG;
				SWIFT_OPTIMIZATION_LEVEL = "-Onone";
			};
			name = Debug;
		};
		4C1D49282269E10800374693 /* Release */ = {
			isa = XCBuildConfiguration;
			buildSettings = {
				ALWAYS_SEARCH_USER_PATHS = NO;
				CLANG_ANALYZER_NONNULL = YES;
				CLANG_ANALYZER_NUMBER_OBJECT_CONVERSION = YES_AGGRESSIVE;
				CLANG_CXX_LANGUAGE_STANDARD = "gnu++14";
				CLANG_CXX_LIBRARY = "libc++";
				CLANG_ENABLE_MODULES = YES;
				CLANG_ENABLE_OBJC_ARC = YES;
				CLANG_ENABLE_OBJC_WEAK = YES;
				CLANG_WARN_BLOCK_CAPTURE_AUTORELEASING = YES;
				CLANG_WARN_BOOL_CONVERSION = YES;
				CLANG_WARN_COMMA = YES;
				CLANG_WARN_CONSTANT_CONVERSION = YES;
				CLANG_WARN_DEPRECATED_OBJC_IMPLEMENTATIONS = YES;
				CLANG_WARN_DIRECT_OBJC_ISA_USAGE = YES_ERROR;
				CLANG_WARN_DOCUMENTATION_COMMENTS = YES;
				CLANG_WARN_EMPTY_BODY = YES;
				CLANG_WARN_ENUM_CONVERSION = YES;
				CLANG_WARN_INFINITE_RECURSION = YES;
				CLANG_WARN_INT_CONVERSION = YES;
				CLANG_WARN_NON_LITERAL_NULL_CONVERSION = YES;
				CLANG_WARN_OBJC_IMPLICIT_RETAIN_SELF = YES;
				CLANG_WARN_OBJC_LITERAL_CONVERSION = YES;
				CLANG_WARN_OBJC_ROOT_CLASS = YES_ERROR;
				CLANG_WARN_RANGE_LOOP_ANALYSIS = YES;
				CLANG_WARN_STRICT_PROTOTYPES = YES;
				CLANG_WARN_SUSPICIOUS_MOVE = YES;
				CLANG_WARN_UNGUARDED_AVAILABILITY = YES_AGGRESSIVE;
				CLANG_WARN_UNREACHABLE_CODE = YES;
				CLANG_WARN__DUPLICATE_METHOD_MATCH = YES;
				CODE_SIGN_IDENTITY = "iPhone Developer";
				COPY_PHASE_STRIP = NO;
				DEBUG_INFORMATION_FORMAT = "dwarf-with-dsym";
				ENABLE_NS_ASSERTIONS = NO;
				ENABLE_STRICT_OBJC_MSGSEND = YES;
				GCC_C_LANGUAGE_STANDARD = gnu11;
				GCC_NO_COMMON_BLOCKS = YES;
				GCC_WARN_64_TO_32_BIT_CONVERSION = YES;
				GCC_WARN_ABOUT_RETURN_TYPE = YES_ERROR;
				GCC_WARN_UNDECLARED_SELECTOR = YES;
				GCC_WARN_UNINITIALIZED_AUTOS = YES_AGGRESSIVE;
				GCC_WARN_UNUSED_FUNCTION = YES;
				GCC_WARN_UNUSED_VARIABLE = YES;
				IPHONEOS_DEPLOYMENT_TARGET = 12.2;
				MTL_ENABLE_DEBUG_INFO = NO;
				MTL_FAST_MATH = YES;
				SDKROOT = iphoneos;
				SWIFT_COMPILATION_MODE = wholemodule;
				SWIFT_OPTIMIZATION_LEVEL = "-O";
				VALIDATE_PRODUCT = YES;
			};
			name = Release;
		};
		4C1D492A2269E10800374693 /* Debug */ = {
			isa = XCBuildConfiguration;
			buildSettings = {
				ASSETCATALOG_COMPILER_APPICON_NAME = AppIcon;
				CODE_SIGN_STYLE = Manual;
				DEVELOPMENT_TEAM = "";
				FRAMEWORK_SEARCH_PATHS = (
					"$(inherited)",
					"$(PROJECT_DIR)/Carthage/Build/iOS",
				);
				INFOPLIST_FILE = "$(SRCROOT)/Sources/Infrastructure/Supporting Files/Info.plist";
				IPHONEOS_DEPLOYMENT_TARGET = 10.0;
				LD_RUNPATH_SEARCH_PATHS = (
					"$(inherited)",
					"@executable_path/Frameworks",
				);
				PRODUCT_BUNDLE_IDENTIFIER = com.24i.Movies;
				PRODUCT_NAME = "$(TARGET_NAME)";
				PROVISIONING_PROFILE_SPECIFIER = "";
				SWIFT_VERSION = 5.0;
				TARGETED_DEVICE_FAMILY = "1,2";
			};
			name = Debug;
		};
		4C1D492B2269E10800374693 /* Release */ = {
			isa = XCBuildConfiguration;
			buildSettings = {
				ASSETCATALOG_COMPILER_APPICON_NAME = AppIcon;
				CODE_SIGN_STYLE = Manual;
				DEVELOPMENT_TEAM = "";
				FRAMEWORK_SEARCH_PATHS = (
					"$(inherited)",
					"$(PROJECT_DIR)/Carthage/Build/iOS",
				);
				INFOPLIST_FILE = "$(SRCROOT)/Sources/Infrastructure/Supporting Files/Info.plist";
				IPHONEOS_DEPLOYMENT_TARGET = 10.0;
				LD_RUNPATH_SEARCH_PATHS = (
					"$(inherited)",
					"@executable_path/Frameworks",
				);
				PRODUCT_BUNDLE_IDENTIFIER = com.24i.Movies;
				PRODUCT_NAME = "$(TARGET_NAME)";
				PROVISIONING_PROFILE_SPECIFIER = "";
				SWIFT_VERSION = 5.0;
				TARGETED_DEVICE_FAMILY = "1,2";
			};
			name = Release;
		};
		4C1D492D2269E10800374693 /* Debug */ = {
			isa = XCBuildConfiguration;
			buildSettings = {
				ALWAYS_EMBED_SWIFT_STANDARD_LIBRARIES = YES;
				BUNDLE_LOADER = "$(TEST_HOST)";
				CODE_SIGN_STYLE = Automatic;
				DEVELOPMENT_TEAM = 524WR9D896;
				FRAMEWORK_SEARCH_PATHS = (
					"$(inherited)",
					"$(PROJECT_DIR)/Carthage/Build/iOS",
				);
				INFOPLIST_FILE = MoviesTests/Info.plist;
				LD_RUNPATH_SEARCH_PATHS = (
					"$(inherited)",
					"@executable_path/Frameworks",
					"@loader_path/Frameworks",
				);
				PRODUCT_BUNDLE_IDENTIFIER = com.24i.MoviesTests;
				PRODUCT_NAME = "$(TARGET_NAME)";
				SWIFT_VERSION = 5.0;
				TARGETED_DEVICE_FAMILY = "1,2";
				TEST_HOST = "$(BUILT_PRODUCTS_DIR)/Movies.app/Movies";
			};
			name = Debug;
		};
		4C1D492E2269E10800374693 /* Release */ = {
			isa = XCBuildConfiguration;
			buildSettings = {
				ALWAYS_EMBED_SWIFT_STANDARD_LIBRARIES = YES;
				BUNDLE_LOADER = "$(TEST_HOST)";
				CODE_SIGN_STYLE = Automatic;
				DEVELOPMENT_TEAM = 524WR9D896;
				FRAMEWORK_SEARCH_PATHS = (
					"$(inherited)",
					"$(PROJECT_DIR)/Carthage/Build/iOS",
				);
				INFOPLIST_FILE = MoviesTests/Info.plist;
				LD_RUNPATH_SEARCH_PATHS = (
					"$(inherited)",
					"@executable_path/Frameworks",
					"@loader_path/Frameworks",
				);
				PRODUCT_BUNDLE_IDENTIFIER = com.24i.MoviesTests;
				PRODUCT_NAME = "$(TARGET_NAME)";
				SWIFT_VERSION = 5.0;
				TARGETED_DEVICE_FAMILY = "1,2";
				TEST_HOST = "$(BUILT_PRODUCTS_DIR)/Movies.app/Movies";
			};
			name = Release;
		};
		4C1D49302269E10800374693 /* Debug */ = {
			isa = XCBuildConfiguration;
			buildSettings = {
				ALWAYS_EMBED_SWIFT_STANDARD_LIBRARIES = YES;
				CODE_SIGN_STYLE = Automatic;
				DEVELOPMENT_TEAM = 524WR9D896;
				FRAMEWORK_SEARCH_PATHS = (
					"$(inherited)",
					"$(PROJECT_DIR)/Carthage/Build/iOS",
				);
				INFOPLIST_FILE = MoviesUITests/Info.plist;
				LD_RUNPATH_SEARCH_PATHS = (
					"$(inherited)",
					"@executable_path/Frameworks",
					"@loader_path/Frameworks",
				);
				PRODUCT_BUNDLE_IDENTIFIER = com.24i.MoviesUITests;
				PRODUCT_NAME = "$(TARGET_NAME)";
				SWIFT_VERSION = 5.0;
				TARGETED_DEVICE_FAMILY = "1,2";
				TEST_TARGET_NAME = Movies;
			};
			name = Debug;
		};
		4C1D49312269E10800374693 /* Release */ = {
			isa = XCBuildConfiguration;
			buildSettings = {
				ALWAYS_EMBED_SWIFT_STANDARD_LIBRARIES = YES;
				CODE_SIGN_STYLE = Automatic;
				DEVELOPMENT_TEAM = 524WR9D896;
				FRAMEWORK_SEARCH_PATHS = (
					"$(inherited)",
					"$(PROJECT_DIR)/Carthage/Build/iOS",
				);
				INFOPLIST_FILE = MoviesUITests/Info.plist;
				LD_RUNPATH_SEARCH_PATHS = (
					"$(inherited)",
					"@executable_path/Frameworks",
					"@loader_path/Frameworks",
				);
				PRODUCT_BUNDLE_IDENTIFIER = com.24i.MoviesUITests;
				PRODUCT_NAME = "$(TARGET_NAME)";
				SWIFT_VERSION = 5.0;
				TARGETED_DEVICE_FAMILY = "1,2";
				TEST_TARGET_NAME = Movies;
			};
			name = Release;
		};
/* End XCBuildConfiguration section */

/* Begin XCConfigurationList section */
		4C1D48F92269E10600374693 /* Build configuration list for PBXProject "Movies" */ = {
			isa = XCConfigurationList;
			buildConfigurations = (
				4C1D49272269E10800374693 /* Debug */,
				4C1D49282269E10800374693 /* Release */,
			);
			defaultConfigurationIsVisible = 0;
			defaultConfigurationName = Release;
		};
		4C1D49292269E10800374693 /* Build configuration list for PBXNativeTarget "Movies" */ = {
			isa = XCConfigurationList;
			buildConfigurations = (
				4C1D492A2269E10800374693 /* Debug */,
				4C1D492B2269E10800374693 /* Release */,
			);
			defaultConfigurationIsVisible = 0;
			defaultConfigurationName = Release;
		};
		4C1D492C2269E10800374693 /* Build configuration list for PBXNativeTarget "MoviesTests" */ = {
			isa = XCConfigurationList;
			buildConfigurations = (
				4C1D492D2269E10800374693 /* Debug */,
				4C1D492E2269E10800374693 /* Release */,
			);
			defaultConfigurationIsVisible = 0;
			defaultConfigurationName = Release;
		};
		4C1D492F2269E10800374693 /* Build configuration list for PBXNativeTarget "MoviesUITests" */ = {
			isa = XCConfigurationList;
			buildConfigurations = (
				4C1D49302269E10800374693 /* Debug */,
				4C1D49312269E10800374693 /* Release */,
			);
			defaultConfigurationIsVisible = 0;
			defaultConfigurationName = Release;
		};
/* End XCConfigurationList section */

/* Begin XCVersionGroup section */
		4C1D49082269E10600374693 /* Movies.xcdatamodeld */ = {
			isa = XCVersionGroup;
			children = (
				4C1D49092269E10600374693 /* Movies.xcdatamodel */,
			);
			currentVersion = 4C1D49092269E10600374693 /* Movies.xcdatamodel */;
			path = Movies.xcdatamodeld;
			sourceTree = "<group>";
			versionGroupType = wrapper.xcdatamodel;
		};
/* End XCVersionGroup section */
	};
	rootObject = 4C1D48F62269E10600374693 /* Project object */;
}
